
Microsoft Visual Studio Solution File, Format Version 12.00
# Visual Studio Version 17
VisualStudioVersion = 17.14.36717.8
MinimumVisualStudioVersion = 10.0.40219.1
Project("{FAE04EC0-301F-11D3-BF4B-00C04F79EFBC}") = "BH_WaitingPopupWinform", "BH_WaitingPopupWinform\BH_WaitingPopupWinform.csproj", "{FF41021D-B2A2-BA2B-7526-29844C6243F9}"
EndProject
Project("{FAE04EC0-301F-11D3-BF4B-00C04F79EFBC}") = "BH_WaitingPopupWinform.Sample", "BH_WaitingPopupWinform.Sample\BH_WaitingPopupWinform.Sample.csproj", "{29AF0EE2-070B-F10D-A59E-1DD8511CEFA5}"
EndProject
Global
	GlobalSection(SolutionConfigurationPlatforms) = preSolution
		Debug|Any CPU = Debug|Any CPU
		Release|Any CPU = Release|Any CPU
	EndGlobalSection
	GlobalSection(ProjectConfigurationPlatforms) = postSolution
		{FF41021D-B2A2-BA2B-7526-29844C6243F9}.Debug|Any CPU.ActiveCfg = Debug|Any CPU
		{FF41021D-B2A2-BA2B-7526-29844C6243F9}.Debug|Any CPU.Build.0 = Debug|Any CPU
		{FF41021D-B2A2-BA2B-7526-29844C6243F9}.Release|Any CPU.ActiveCfg = Release|Any CPU
		{FF41021D-B2A2-BA2B-7526-29844C6243F9}.Release|Any CPU.Build.0 = Release|Any CPU
		{29AF0EE2-070B-F10D-A59E-1DD8511CEFA5}.Debug|Any CPU.ActiveCfg = Debug|Any CPU
		{29AF0EE2-070B-F10D-A59E-1DD8511CEFA5}.Debug|Any CPU.Build.0 = Debug|Any CPU
		{29AF0EE2-070B-F10D-A59E-1DD8511CEFA5}.Release|Any CPU.ActiveCfg = Release|Any CPU
		{29AF0EE2-070B-F10D-A59E-1DD8511CEFA5}.Release|Any CPU.Build.0 = Release|Any CPU
	EndGlobalSection
	GlobalSection(SolutionProperties) = preSolution
		HideSolutionNode = FALSE
	EndGlobalSection
	GlobalSection(ExtensibilityGlobals) = postSolution
		SolutionGuid = {65DF0AB8-7BE8-4931-B9A4-BA660ADA9802}
	EndGlobalSection
EndGlobal
